
Microsoft Visual Studio Solution File, Format Version 12.00
# Visual Studio Version 16
VisualStudioVersion = 16.0.30621.155
MinimumVisualStudioVersion = 10.0.40219.1
Project("{FAE04EC0-301F-11D3-BF4B-00C04F79EFBC}") = "XMLStreamWrapper", "XMLStreamWrapper\XMLStreamWrapper.csproj", "{979A84BC-4C7D-4527-A339-8DBD886756EA}"
EndProject
Project("{FAE04EC0-301F-11D3-BF4B-00C04F79EFBC}") = "WrapperTest", "WrapperTest\WrapperTest.csproj", "{7D927471-9D42-4A8F-A7C5-650336E37C08}"
EndProject
Global
	GlobalSection(SolutionConfigurationPlatforms) = preSolution
		Debug|Any CPU = Debug|Any CPU
		Release|Any CPU = Release|Any CPU
	EndGlobalSection
	GlobalSection(ProjectConfigurationPlatforms) = postSolution
		{979A84BC-4C7D-4527-A339-8DBD886756EA}.Debug|Any CPU.ActiveCfg = Debug|Any CPU
		{979A84BC-4C7D-4527-A339-8DBD886756EA}.Debug|Any CPU.Build.0 = Debug|Any CPU
		{979A84BC-4C7D-4527-A339-8DBD886756EA}.Release|Any CPU.ActiveCfg = Release|Any CPU
		{979A84BC-4C7D-4527-A339-8DBD886756EA}.Release|Any CPU.Build.0 = Release|Any CPU
		{7D927471-9D42-4A8F-A7C5-650336E37C08}.Debug|Any CPU.ActiveCfg = Debug|Any CPU
		{7D927471-9D42-4A8F-A7C5-650336E37C08}.Debug|Any CPU.Build.0 = Debug|Any CPU
		{7D927471-9D42-4A8F-A7C5-650336E37C08}.Release|Any CPU.ActiveCfg = Release|Any CPU
		{7D927471-9D42-4A8F-A7C5-650336E37C08}.Release|Any CPU.Build.0 = Release|Any CPU
	EndGlobalSection
	GlobalSection(SolutionProperties) = preSolution
		HideSolutionNode = FALSE
	EndGlobalSection
	GlobalSection(ExtensibilityGlobals) = postSolution
		SolutionGuid = {6C8575A1-F36A-4ECA-B109-A881D6251C40}
	EndGlobalSection
EndGlobal
